
Microsoft Visual Studio Solution File, Format Version 12.00
# Visual Studio Version 16
VisualStudioVersion = 16.0.31424.327
MinimumVisualStudioVersion = 10.0.40219.1
Project("{FAE04EC0-301F-11D3-BF4B-00C04F79EFBC}") = "D5WW0Y_TizedikHet", "D5WW0Y_TizedikHet\D5WW0Y_TizedikHet.csproj", "{44EC847C-C0F4-4EC6-9101-36755D42C810}"
EndProject
Global
	GlobalSection(SolutionConfigurationPlatforms) = preSolution
		Debug|Any CPU = Debug|Any CPU
		Release|Any CPU = Release|Any CPU
	EndGlobalSection
	GlobalSection(ProjectConfigurationPlatforms) = postSolution
		{44EC847C-C0F4-4EC6-9101-36755D42C810}.Debug|Any CPU.ActiveCfg = Debug|Any CPU
		{44EC847C-C0F4-4EC6-9101-36755D42C810}.Debug|Any CPU.Build.0 = Debug|Any CPU
		{44EC847C-C0F4-4EC6-9101-36755D42C810}.Release|Any CPU.ActiveCfg = Release|Any CPU
		{44EC847C-C0F4-4EC6-9101-36755D42C810}.Release|Any CPU.Build.0 = Release|Any CPU
	EndGlobalSection
	GlobalSection(SolutionProperties) = preSolution
		HideSolutionNode = FALSE
	EndGlobalSection
	GlobalSection(ExtensibilityGlobals) = postSolution
		SolutionGuid = {ABA7758D-EE22-48CC-A6A1-D7D1F27509D9}
	EndGlobalSection
EndGlobal
