
Microsoft Visual Studio Solution File, Format Version 12.00
# Visual Studio Version 16
VisualStudioVersion = 16.0.31424.327
MinimumVisualStudioVersion = 10.0.40219.1
Project("{FAE04EC0-301F-11D3-BF4B-00C04F79EFBC}") = "D5WW0Y_OtodikHet", "D5WW0Y_OtodikHet\D5WW0Y_OtodikHet.csproj", "{58665195-8E16-41CF-B473-3A4CF24DAEBB}"
EndProject
Global
	GlobalSection(SolutionConfigurationPlatforms) = preSolution
		Debug|Any CPU = Debug|Any CPU
		Release|Any CPU = Release|Any CPU
	EndGlobalSection
	GlobalSection(ProjectConfigurationPlatforms) = postSolution
		{58665195-8E16-41CF-B473-3A4CF24DAEBB}.Debug|Any CPU.ActiveCfg = Debug|Any CPU
		{58665195-8E16-41CF-B473-3A4CF24DAEBB}.Debug|Any CPU.Build.0 = Debug|Any CPU
		{58665195-8E16-41CF-B473-3A4CF24DAEBB}.Release|Any CPU.ActiveCfg = Release|Any CPU
		{58665195-8E16-41CF-B473-3A4CF24DAEBB}.Release|Any CPU.Build.0 = Release|Any CPU
	EndGlobalSection
	GlobalSection(SolutionProperties) = preSolution
		HideSolutionNode = FALSE
	EndGlobalSection
	GlobalSection(ExtensibilityGlobals) = postSolution
		SolutionGuid = {E1119295-6ABE-4DDB-A202-A0DBE9A23E48}
	EndGlobalSection
EndGlobal
