
Microsoft Visual Studio Solution File, Format Version 12.00
# Visual Studio Version 16
VisualStudioVersion = 16.0.31424.327
MinimumVisualStudioVersion = 10.0.40219.1
Project("{FAE04EC0-301F-11D3-BF4B-00C04F79EFBC}") = "D5WW0Y_NyolcadikHet", "D5WW0Y_NyolcadikHet\D5WW0Y_NyolcadikHet.csproj", "{15671395-56DA-48BA-B997-6754F0E326B6}"
EndProject
Global
	GlobalSection(SolutionConfigurationPlatforms) = preSolution
		Debug|Any CPU = Debug|Any CPU
		Release|Any CPU = Release|Any CPU
	EndGlobalSection
	GlobalSection(ProjectConfigurationPlatforms) = postSolution
		{15671395-56DA-48BA-B997-6754F0E326B6}.Debug|Any CPU.ActiveCfg = Debug|Any CPU
		{15671395-56DA-48BA-B997-6754F0E326B6}.Debug|Any CPU.Build.0 = Debug|Any CPU
		{15671395-56DA-48BA-B997-6754F0E326B6}.Release|Any CPU.ActiveCfg = Release|Any CPU
		{15671395-56DA-48BA-B997-6754F0E326B6}.Release|Any CPU.Build.0 = Release|Any CPU
	EndGlobalSection
	GlobalSection(SolutionProperties) = preSolution
		HideSolutionNode = FALSE
	EndGlobalSection
	GlobalSection(ExtensibilityGlobals) = postSolution
		SolutionGuid = {A4AD1070-3093-46DB-9B4C-03D93015F6DF}
	EndGlobalSection
EndGlobal
